
Microsoft Visual Studio Solution File, Format Version 12.00
# Visual Studio Version 16
VisualStudioVersion = 16.0.30804.86
MinimumVisualStudioVersion = 10.0.40219.1
Project("{FAE04EC0-301F-11D3-BF4B-00C04F79EFBC}") = "PasswordAlReady.UWP", "PasswordAlReady.UWP\PasswordAlReady.UWP.csproj", "{2E3B93A3-576C-4B36-BFCF-B11012A8C8D7}"
EndProject
Project("{FAE04EC0-301F-11D3-BF4B-00C04F79EFBC}") = "PasswordAlReady.Android", "PasswordAlReady.Android\PasswordAlReady.Android.csproj", "{D64192DC-BC1E-4515-8212-85BCC8358AD9}"
EndProject
Project("{FAE04EC0-301F-11D3-BF4B-00C04F79EFBC}") = "PasswordAlReady.iOS", "PasswordAlReady.iOS\PasswordAlReady.iOS.csproj", "{99864789-1D5D-4F9E-9A8A-F41157570D16}"
EndProject
Project("{FAE04EC0-301F-11D3-BF4B-00C04F79EFBC}") = "PasswordAlReady", "PasswordAlReady\PasswordAlReady.csproj", "{F614055A-425C-4508-86F4-6EDF4F763701}"
EndProject
Global
	GlobalSection(SolutionConfigurationPlatforms) = preSolution
		Debug|Any CPU = Debug|Any CPU
		Debug|ARM = Debug|ARM
		Debug|iPhone = Debug|iPhone
		Debug|iPhoneSimulator = Debug|iPhoneSimulator
		Debug|x64 = Debug|x64
		Debug|x86 = Debug|x86
		Release|Any CPU = Release|Any CPU
		Release|ARM = Release|ARM
		Release|iPhone = Release|iPhone
		Release|iPhoneSimulator = Release|iPhoneSimulator
		Release|x64 = Release|x64
		Release|x86 = Release|x86
	EndGlobalSection
	GlobalSection(ProjectConfigurationPlatforms) = postSolution
		{2E3B93A3-576C-4B36-BFCF-B11012A8C8D7}.Debug|Any CPU.ActiveCfg = Debug|x86
		{2E3B93A3-576C-4B36-BFCF-B11012A8C8D7}.Debug|Any CPU.Build.0 = Debug|x86
		{2E3B93A3-576C-4B36-BFCF-B11012A8C8D7}.Debug|Any CPU.Deploy.0 = Debug|x86
		{2E3B93A3-576C-4B36-BFCF-B11012A8C8D7}.Debug|ARM.ActiveCfg = Debug|ARM
		{2E3B93A3-576C-4B36-BFCF-B11012A8C8D7}.Debug|ARM.Build.0 = Debug|ARM
		{2E3B93A3-576C-4B36-BFCF-B11012A8C8D7}.Debug|ARM.Deploy.0 = Debug|ARM
		{2E3B93A3-576C-4B36-BFCF-B11012A8C8D7}.Debug|iPhone.ActiveCfg = Debug|x86
		{2E3B93A3-576C-4B36-BFCF-B11012A8C8D7}.Debug|iPhone.Build.0 = Debug|x86
		{2E3B93A3-576C-4B36-BFCF-B11012A8C8D7}.Debug|iPhone.Deploy.0 = Debug|x86
		{2E3B93A3-576C-4B36-BFCF-B11012A8C8D7}.Debug|iPhoneSimulator.ActiveCfg = Debug|x86
		{2E3B93A3-576C-4B36-BFCF-B11012A8C8D7}.Debug|iPhoneSimulator.Build.0 = Debug|x86
		{2E3B93A3-576C-4B36-BFCF-B11012A8C8D7}.Debug|iPhoneSimulator.Deploy.0 = Debug|x86
		{2E3B93A3-576C-4B36-BFCF-B11012A8C8D7}.Debug|x64.ActiveCfg = Debug|x64
		{2E3B93A3-576C-4B36-BFCF-B11012A8C8D7}.Debug|x64.Build.0 = Debug|x64
		{2E3B93A3-576C-4B36-BFCF-B11012A8C8D7}.Debug|x64.Deploy.0 = Debug|x64
		{2E3B93A3-576C-4B36-BFCF-B11012A8C8D7}.Debug|x86.ActiveCfg = Debug|x86
		{2E3B93A3-576C-4B36-BFCF-B11012A8C8D7}.Debug|x86.Build.0 = Debug|x86
		{2E3B93A3-576C-4B36-BFCF-B11012A8C8D7}.Debug|x86.Deploy.0 = Debug|x86
		{2E3B93A3-576C-4B36-BFCF-B11012A8C8D7}.Release|Any CPU.ActiveCfg = Release|x86
		{2E3B93A3-576C-4B36-BFCF-B11012A8C8D7}.Release|Any CPU.Build.0 = Release|x86
		{2E3B93A3-576C-4B36-BFCF-B11012A8C8D7}.Release|Any CPU.Deploy.0 = Release|x86
		{2E3B93A3-576C-4B36-BFCF-B11012A8C8D7}.Release|ARM.ActiveCfg = Release|ARM
		{2E3B93A3-576C-4B36-BFCF-B11012A8C8D7}.Release|ARM.Build.0 = Release|ARM
		{2E3B93A3-576C-4B36-BFCF-B11012A8C8D7}.Release|ARM.Deploy.0 = Release|ARM
		{2E3B93A3-576C-4B36-BFCF-B11012A8C8D7}.Release|iPhone.ActiveCfg = Release|x86
		{2E3B93A3-576C-4B36-BFCF-B11012A8C8D7}.Release|iPhone.Build.0 = Release|x86
		{2E3B93A3-576C-4B36-BFCF-B11012A8C8D7}.Release|iPhone.Deploy.0 = Release|x86
		{2E3B93A3-576C-4B36-BFCF-B11012A8C8D7}.Release|iPhoneSimulator.ActiveCfg = Release|x86
		{2E3B93A3-576C-4B36-BFCF-B11012A8C8D7}.Release|iPhoneSimulator.Build.0 = Release|x86
		{2E3B93A3-576C-4B36-BFCF-B11012A8C8D7}.Release|iPhoneSimulator.Deploy.0 = Release|x86
		{2E3B93A3-576C-4B36-BFCF-B11012A8C8D7}.Release|x64.ActiveCfg = Release|x64
		{2E3B93A3-576C-4B36-BFCF-B11012A8C8D7}.Release|x64.Build.0 = Release|x64
		{2E3B93A3-576C-4B36-BFCF-B11012A8C8D7}.Release|x64.Deploy.0 = Release|x64
		{2E3B93A3-576C-4B36-BFCF-B11012A8C8D7}.Release|x86.ActiveCfg = Release|x86
		{2E3B93A3-576C-4B36-BFCF-B11012A8C8D7}.Release|x86.Build.0 = Release|x86
		{2E3B93A3-576C-4B36-BFCF-B11012A8C8D7}.Release|x86.Deploy.0 = Release|x86
		{D64192DC-BC1E-4515-8212-85BCC8358AD9}.Debug|Any CPU.ActiveCfg = Debug|Any CPU
		{D64192DC-BC1E-4515-8212-85BCC8358AD9}.Debug|Any CPU.Build.0 = Debug|Any CPU
		{D64192DC-BC1E-4515-8212-85BCC8358AD9}.Debug|Any CPU.Deploy.0 = Debug|Any CPU
		{D64192DC-BC1E-4515-8212-85BCC8358AD9}.Debug|ARM.ActiveCfg = Debug|Any CPU
		{D64192DC-BC1E-4515-8212-85BCC8358AD9}.Debug|ARM.Build.0 = Debug|Any CPU
		{D64192DC-BC1E-4515-8212-85BCC8358AD9}.Debug|ARM.Deploy.0 = Debug|Any CPU
		{D64192DC-BC1E-4515-8212-85BCC8358AD9}.Debug|iPhone.ActiveCfg = Debug|Any CPU
		{D64192DC-BC1E-4515-8212-85BCC8358AD9}.Debug|iPhone.Build.0 = Debug|Any CPU
		{D64192DC-BC1E-4515-8212-85BCC8358AD9}.Debug|iPhone.Deploy.0 = Debug|Any CPU
		{D64192DC-BC1E-4515-8212-85BCC8358AD9}.Debug|iPhoneSimulator.ActiveCfg = Debug|Any CPU
		{D64192DC-BC1E-4515-8212-85BCC8358AD9}.Debug|iPhoneSimulator.Build.0 = Debug|Any CPU
		{D64192DC-BC1E-4515-8212-85BCC8358AD9}.Debug|iPhoneSimulator.Deploy.0 = Debug|Any CPU
		{D64192DC-BC1E-4515-8212-85BCC8358AD9}.Debug|x64.ActiveCfg = Debug|Any CPU
		{D64192DC-BC1E-4515-8212-85BCC8358AD9}.Debug|x64.Build.0 = Debug|Any CPU
		{D64192DC-BC1E-4515-8212-85BCC8358AD9}.Debug|x64.Deploy.0 = Debug|Any CPU
		{D64192DC-BC1E-4515-8212-85BCC8358AD9}.Debug|x86.ActiveCfg = Debug|Any CPU
		{D64192DC-BC1E-4515-8212-85BCC8358AD9}.Debug|x86.Build.0 = Debug|Any CPU
		{D64192DC-BC1E-4515-8212-85BCC8358AD9}.Debug|x86.Deploy.0 = Debug|Any CPU
		{D64192DC-BC1E-4515-8212-85BCC8358AD9}.Release|Any CPU.ActiveCfg = Release|Any CPU
		{D64192DC-BC1E-4515-8212-85BCC8358AD9}.Release|Any CPU.Build.0 = Release|Any CPU
		{D64192DC-BC1E-4515-8212-85BCC8358AD9}.Release|Any CPU.Deploy.0 = Release|Any CPU
		{D64192DC-BC1E-4515-8212-85BCC8358AD9}.Release|ARM.ActiveCfg = Release|Any CPU
		{D64192DC-BC1E-4515-8212-85BCC8358AD9}.Release|ARM.Build.0 = Release|Any CPU
		{D64192DC-BC1E-4515-8212-85BCC8358AD9}.Release|ARM.Deploy.0 = Release|Any CPU
		{D64192DC-BC1E-4515-8212-85BCC8358AD9}.Release|iPhone.ActiveCfg = Release|Any CPU
		{D64192DC-BC1E-4515-8212-85BCC8358AD9}.Release|iPhone.Build.0 = Release|Any CPU
		{D64192DC-BC1E-4515-8212-85BCC8358AD9}.Release|iPhone.Deploy.0 = Release|Any CPU
		{D64192DC-BC1E-4515-8212-85BCC8358AD9}.Release|iPhoneSimulator.ActiveCfg = Release|Any CPU
		{D64192DC-BC1E-4515-8212-85BCC8358AD9}.Release|iPhoneSimulator.Build.0 = Release|Any CPU
		{D64192DC-BC1E-4515-8212-85BCC8358AD9}.Release|iPhoneSimulator.Deploy.0 = Release|Any CPU
		{D64192DC-BC1E-4515-8212-85BCC8358AD9}.Release|x64.ActiveCfg = Release|Any CPU
		{D64192DC-BC1E-4515-8212-85BCC8358AD9}.Release|x64.Build.0 = Release|Any CPU
		{D64192DC-BC1E-4515-8212-85BCC8358AD9}.Release|x64.Deploy.0 = Release|Any CPU
		{D64192DC-BC1E-4515-8212-85BCC8358AD9}.Release|x86.ActiveCfg = Release|Any CPU
		{D64192DC-BC1E-4515-8212-85BCC8358AD9}.Release|x86.Build.0 = Release|Any CPU
		{D64192DC-BC1E-4515-8212-85BCC8358AD9}.Release|x86.Deploy.0 = Release|Any CPU
		{99864789-1D5D-4F9E-9A8A-F41157570D16}.Debug|Any CPU.ActiveCfg = Debug|iPhoneSimulator
		{99864789-1D5D-4F9E-9A8A-F41157570D16}.Debug|Any CPU.Build.0 = Debug|iPhoneSimulator
		{99864789-1D5D-4F9E-9A8A-F41157570D16}.Debug|Any CPU.Deploy.0 = Debug|iPhoneSimulator
		{99864789-1D5D-4F9E-9A8A-F41157570D16}.Debug|ARM.ActiveCfg = Debug|iPhone
		{99864789-1D5D-4F9E-9A8A-F41157570D16}.Debug|ARM.Build.0 = Debug|iPhone
		{99864789-1D5D-4F9E-9A8A-F41157570D16}.Debug|ARM.Deploy.0 = Debug|iPhone
		{99864789-1D5D-4F9E-9A8A-F41157570D16}.Debug|iPhone.ActiveCfg = Debug|iPhone
		{99864789-1D5D-4F9E-9A8A-F41157570D16}.Debug|iPhone.Build.0 = Debug|iPhone
		{99864789-1D5D-4F9E-9A8A-F41157570D16}.Debug|iPhone.Deploy.0 = Debug|iPhone
		{99864789-1D5D-4F9E-9A8A-F41157570D16}.Debug|iPhoneSimulator.ActiveCfg = Debug|iPhoneSimulator
		{99864789-1D5D-4F9E-9A8A-F41157570D16}.Debug|iPhoneSimulator.Build.0 = Debug|iPhoneSimulator
		{99864789-1D5D-4F9E-9A8A-F41157570D16}.Debug|iPhoneSimulator.Deploy.0 = Debug|iPhoneSimulator
		{99864789-1D5D-4F9E-9A8A-F41157570D16}.Debug|x64.ActiveCfg = Debug|iPhoneSimulator
		{99864789-1D5D-4F9E-9A8A-F41157570D16}.Debug|x64.Build.0 = Debug|iPhoneSimulator
		{99864789-1D5D-4F9E-9A8A-F41157570D16}.Debug|x64.Deploy.0 = Debug|iPhoneSimulator
		{99864789-1D5D-4F9E-9A8A-F41157570D16}.Debug|x86.ActiveCfg = Debug|iPhoneSimulator
		{99864789-1D5D-4F9E-9A8A-F41157570D16}.Debug|x86.Build.0 = Debug|iPhoneSimulator
		{99864789-1D5D-4F9E-9A8A-F41157570D16}.Debug|x86.Deploy.0 = Debug|iPhoneSimulator
		{99864789-1D5D-4F9E-9A8A-F41157570D16}.Release|Any CPU.ActiveCfg = Release|iPhoneSimulator
		{99864789-1D5D-4F9E-9A8A-F41157570D16}.Release|Any CPU.Build.0 = Release|iPhoneSimulator
		{99864789-1D5D-4F9E-9A8A-F41157570D16}.Release|Any CPU.Deploy.0 = Release|iPhoneSimulator
		{99864789-1D5D-4F9E-9A8A-F41157570D16}.Release|ARM.ActiveCfg = Release|iPhoneSimulator
		{99864789-1D5D-4F9E-9A8A-F41157570D16}.Release|ARM.Build.0 = Release|iPhoneSimulator
		{99864789-1D5D-4F9E-9A8A-F41157570D16}.Release|ARM.Deploy.0 = Release|iPhoneSimulator
		{99864789-1D5D-4F9E-9A8A-F41157570D16}.Release|iPhone.ActiveCfg = Release|iPhone
		{99864789-1D5D-4F9E-9A8A-F41157570D16}.Release|iPhone.Build.0 = Release|iPhone
		{99864789-1D5D-4F9E-9A8A-F41157570D16}.Release|iPhone.Deploy.0 = Release|iPhone
		{99864789-1D5D-4F9E-9A8A-F41157570D16}.Release|iPhoneSimulator.ActiveCfg = Release|iPhoneSimulator
		{99864789-1D5D-4F9E-9A8A-F41157570D16}.Release|iPhoneSimulator.Build.0 = Release|iPhoneSimulator
		{99864789-1D5D-4F9E-9A8A-F41157570D16}.Release|iPhoneSimulator.Deploy.0 = Release|iPhoneSimulator
		{99864789-1D5D-4F9E-9A8A-F41157570D16}.Release|x64.ActiveCfg = Release|iPhoneSimulator
		{99864789-1D5D-4F9E-9A8A-F41157570D16}.Release|x64.Build.0 = Release|iPhoneSimulator
		{99864789-1D5D-4F9E-9A8A-F41157570D16}.Release|x64.Deploy.0 = Release|iPhoneSimulator
		{99864789-1D5D-4F9E-9A8A-F41157570D16}.Release|x86.ActiveCfg = Release|iPhoneSimulator
		{99864789-1D5D-4F9E-9A8A-F41157570D16}.Release|x86.Build.0 = Release|iPhoneSimulator
		{99864789-1D5D-4F9E-9A8A-F41157570D16}.Release|x86.Deploy.0 = Release|iPhoneSimulator
		{F614055A-425C-4508-86F4-6EDF4F763701}.Debug|Any CPU.ActiveCfg = Debug|Any CPU
		{F614055A-425C-4508-86F4-6EDF4F763701}.Debug|Any CPU.Build.0 = Debug|Any CPU
		{F614055A-425C-4508-86F4-6EDF4F763701}.Debug|Any CPU.Deploy.0 = Debug|Any CPU
		{F614055A-425C-4508-86F4-6EDF4F763701}.Debug|ARM.ActiveCfg = Debug|Any CPU
		{F614055A-425C-4508-86F4-6EDF4F763701}.Debug|ARM.Build.0 = Debug|Any CPU
		{F614055A-425C-4508-86F4-6EDF4F763701}.Debug|ARM.Deploy.0 = Debug|Any CPU
		{F614055A-425C-4508-86F4-6EDF4F763701}.Debug|iPhone.ActiveCfg = Debug|Any CPU
		{F614055A-425C-4508-86F4-6EDF4F763701}.Debug|iPhone.Build.0 = Debug|Any CPU
		{F614055A-425C-4508-86F4-6EDF4F763701}.Debug|iPhone.Deploy.0 = Debug|Any CPU
		{F614055A-425C-4508-86F4-6EDF4F763701}.Debug|iPhoneSimulator.ActiveCfg = Debug|Any CPU
		{F614055A-425C-4508-86F4-6EDF4F763701}.Debug|iPhoneSimulator.Build.0 = Debug|Any CPU
		{F614055A-425C-4508-86F4-6EDF4F763701}.Debug|iPhoneSimulator.Deploy.0 = Debug|Any CPU
		{F614055A-425C-4508-86F4-6EDF4F763701}.Debug|x64.ActiveCfg = Debug|Any CPU
		{F614055A-425C-4508-86F4-6EDF4F763701}.Debug|x64.Build.0 = Debug|Any CPU
		{F614055A-425C-4508-86F4-6EDF4F763701}.Debug|x64.Deploy.0 = Debug|Any CPU
		{F614055A-425C-4508-86F4-6EDF4F763701}.Debug|x86.ActiveCfg = Debug|Any CPU
		{F614055A-425C-4508-86F4-6EDF4F763701}.Debug|x86.Build.0 = Debug|Any CPU
		{F614055A-425C-4508-86F4-6EDF4F763701}.Debug|x86.Deploy.0 = Debug|Any CPU
		{F614055A-425C-4508-86F4-6EDF4F763701}.Release|Any CPU.ActiveCfg = Release|Any CPU
		{F614055A-425C-4508-86F4-6EDF4F763701}.Release|Any CPU.Build.0 = Release|Any CPU
		{F614055A-425C-4508-86F4-6EDF4F763701}.Release|Any CPU.Deploy.0 = Release|Any CPU
		{F614055A-425C-4508-86F4-6EDF4F763701}.Release|ARM.ActiveCfg = Release|Any CPU
		{F614055A-425C-4508-86F4-6EDF4F763701}.Release|ARM.Build.0 = Release|Any CPU
		{F614055A-425C-4508-86F4-6EDF4F763701}.Release|ARM.Deploy.0 = Release|Any CPU
		{F614055A-425C-4508-86F4-6EDF4F763701}.Release|iPhone.ActiveCfg = Release|Any CPU
		{F614055A-425C-4508-86F4-6EDF4F763701}.Release|iPhone.Build.0 = Release|Any CPU
		{F614055A-425C-4508-86F4-6EDF4F763701}.Release|iPhone.Deploy.0 = Release|Any CPU
		{F614055A-425C-4508-86F4-6EDF4F763701}.Release|iPhoneSimulator.ActiveCfg = Release|Any CPU
		{F614055A-425C-4508-86F4-6EDF4F763701}.Release|iPhoneSimulator.Build.0 = Release|Any CPU
		{F614055A-425C-4508-86F4-6EDF4F763701}.Release|iPhoneSimulator.Deploy.0 = Release|Any CPU
		{F614055A-425C-4508-86F4-6EDF4F763701}.Release|x64.ActiveCfg = Release|Any CPU
		{F614055A-425C-4508-86F4-6EDF4F763701}.Release|x64.Build.0 = Release|Any CPU
		{F614055A-425C-4508-86F4-6EDF4F763701}.Release|x64.Deploy.0 = Release|Any CPU
		{F614055A-425C-4508-86F4-6EDF4F763701}.Release|x86.ActiveCfg = Release|Any CPU
		{F614055A-425C-4508-86F4-6EDF4F763701}.Release|x86.Build.0 = Release|Any CPU
		{F614055A-425C-4508-86F4-6EDF4F763701}.Release|x86.Deploy.0 = Release|Any CPU
	EndGlobalSection
	GlobalSection(SolutionProperties) = preSolution
		HideSolutionNode = FALSE
	EndGlobalSection
	GlobalSection(ExtensibilityGlobals) = postSolution
		SolutionGuid = {3BC55F8C-C4A7-442C-968D-6C894F449970}
	EndGlobalSection
EndGlobal
